// !$*UTF8*$!
{
	archiveVersion = 1;
	classes = {
	};
	objectVersion = 46;
	objects = {

/* Begin PBXBuildFile section */
		32C7997F1D82DCB6003D763C /* main.m in Sources */ = {isa = PBXBuildFile; fileRef = 32C7997E1D82DCB6003D763C /* main.m */; };
		32C799821D82DCB6003D763C /* AppDelegate.m in Sources */ = {isa = PBXBuildFile; fileRef = 32C799811D82DCB6003D763C /* AppDelegate.m */; };
		32C799851D82DCB6003D763C /* ViewController.m in Sources */ = {isa = PBXBuildFile; fileRef = 32C799841D82DCB6003D763C /* ViewController.m */; };
		32C799881D82DCB6003D763C /* Main.storyboard in Resources */ = {isa = PBXBuildFile; fileRef = 32C799861D82DCB6003D763C /* Main.storyboard */; };
		32C7998A1D82DCB6003D763C /* Assets.xcassets in Resources */ = {isa = PBXBuildFile; fileRef = 32C799891D82DCB6003D763C /* Assets.xcassets */; };
		32C7998D1D82DCB6003D763C /* LaunchScreen.storyboard in Resources */ = {isa = PBXBuildFile; fileRef = 32C7998B1D82DCB6003D763C /* LaunchScreen.storyboard */; };
/* End PBXBuildFile section */

/* Begin PBXFileReference section */
		32C7997A1D82DCB6003D763C /* 新闻.app */ = {isa = PBXFileReference; explicitFileType = wrapper.application; includeInIndex = 0; path = "新闻.app"; sourceTree = BUILT_PRODUCTS_DIR; };
		32C7997E1D82DCB6003D763C /* main.m */ = {isa = PBXFileReference; lastKnownFileType = sourcecode.c.objc; path = main.m; sourceTree = "<group>"; };
		32C799801D82DCB6003D763C /* AppDelegate.h */ = {isa = PBXFileReference; lastKnownFileType = sourcecode.c.h; path = AppDelegate.h; sourceTree = "<group>"; };
		32C799811D82DCB6003D763C /* AppDelegate.m */ = {isa = PBXFileReference; lastKnownFileType = sourcecode.c.objc; path = AppDelegate.m; sourceTree = "<group>"; };
		32C799831D82DCB6003D763C /* ViewController.h */ = {isa = PBXFileReference; lastKnownFileType = sourcecode.c.h; path = ViewController.h; sourceTree = "<group>"; };
		32C799841D82DCB6003D763C /* ViewController.m */ = {isa = PBXFileReference; lastKnownFileType = sourcecode.c.objc; path = ViewController.m; sourceTree = "<group>"; };
		32C799871D82DCB6003D763C /* Base */ = {isa = PBXFileReference; lastKnownFileType = file.storyboard; name = Base; path = Base.lproj/Main.storyboard; sourceTree = "<group>"; };
		32C799891D82DCB6003D763C /* Assets.xcassets */ = {isa = PBXFileReference; lastKnownFileType = folder.assetcatalog; path = Assets.xcassets; sourceTree = "<group>"; };
		32C7998C1D82DCB6003D763C /* Base */ = {isa = PBXFileReference; lastKnownFileType = file.storyboard; name = Base; path = Base.lproj/LaunchScreen.storyboard; sourceTree = "<group>"; };
		32C7998E1D82DCB6003D763C /* Info.plist */ = {isa = PBXFileReference; lastKnownFileType = text.plist.xml; path = Info.plist; sourceTree = "<group>"; };
/* End PBXFileReference section */

/* Begin PBXFrameworksBuildPhase section */
		32C799771D82DCB6003D763C /* Frameworks */ = {
			isa = PBXFrameworksBuildPhase;
			buildActionMask = 2147483647;
			files = (
			);
			runOnlyForDeploymentPostprocessing = 0;
		};
/* End PBXFrameworksBuildPhase section */

/* Begin PBXGroup section */
		32C799711D82DCB6003D763C = {
			isa = PBXGroup;
			children = (
				32C7997C1D82DCB6003D763C /* 新闻 */,
				32C7997B1D82DCB6003D763C /* Products */,
			);
			sourceTree = "<group>";
		};
		32C7997B1D82DCB6003D763C /* Products */ = {
			isa = PBXGroup;
			children = (
				32C7997A1D82DCB6003D763C /* 新闻.app */,
			);
			name = Products;
			sourceTree = "<group>";
		};
		32C7997C1D82DCB6003D763C /* 新闻 */ = {
			isa = PBXGroup;
			children = (
				32C799801D82DCB6003D763C /* AppDelegate.h */,
				32C799811D82DCB6003D763C /* AppDelegate.m */,
				32C799831D82DCB6003D763C /* ViewController.h */,
				32C799841D82DCB6003D763C /* ViewController.m */,
				32C799861D82DCB6003D763C /* Main.storyboard */,
				32C799891D82DCB6003D763C /* Assets.xcassets */,
				32C7998B1D82DCB6003D763C /* LaunchScreen.storyboard */,
				32C7998E1D82DCB6003D763C /* Info.plist */,
				32C7997D1D82DCB6003D763C /* Supporting Files */,
			);
			path = "新闻";
			sourceTree = "<group>";
		};
		32C7997D1D82DCB6003D763C /* Supporting Files */ = {
			isa = PBXGroup;
			children = (
				32C7997E1D82DCB6003D763C /* main.m */,
			);
			name = "Supporting Files";
			sourceTree = "<group>";
		};
/* End PBXGroup section */

/* Begin PBXNativeTarget section */
		32C799791D82DCB6003D763C /* 新闻 */ = {
			isa = PBXNativeTarget;
			buildConfigurationList = 32C799911D82DCB6003D763C /* Build configuration list for PBXNativeTarget "新闻" */;
			buildPhases = (
				32C799761D82DCB6003D763C /* Sources */,
				32C799771D82DCB6003D763C /* Frameworks */,
				32C799781D82DCB6003D763C /* Resources */,
			);
			buildRules = (
			);
			dependencies = (
			);
			name = "新闻";
			productName = "新闻";
			productReference = 32C7997A1D82DCB6003D763C /* 新闻.app */;
			productType = "com.apple.product-type.application";
		};
/* End PBXNativeTarget section */

/* Begin PBXProject section */
		32C799721D82DCB6003D763C /* Project object */ = {
			isa = PBXProject;
			attributes = {
				LastUpgradeCheck = 0700;
				ORGANIZATIONNAME = iteam;
				TargetAttributes = {
					32C799791D82DCB6003D763C = {
						CreatedOnToolsVersion = 7.0;
					};
				};
			};
			buildConfigurationList = 32C799751D82DCB6003D763C /* Build configuration list for PBXProject "新闻" */;
			compatibilityVersion = "Xcode 3.2";
			developmentRegion = English;
			hasScannedForEncodings = 0;
			knownRegions = (
				en,
				Base,
			);
			mainGroup = 32C799711D82DCB6003D763C;
			productRefGroup = 32C7997B1D82DCB6003D763C /* Products */;
			projectDirPath = "";
			projectRoot = "";
			targets = (
				32C799791D82DCB6003D763C /* 新闻 */,
			);
		};
/* End PBXProject section */

/* Begin PBXResourcesBuildPhase section */
		32C799781D82DCB6003D763C /* Resources */ = {
			isa = PBXResourcesBuildPhase;
			buildActionMask = 2147483647;
			files = (
				32C7998D1D82DCB6003D763C /* LaunchScreen.storyboard in Resources */,
				32C7998A1D82DCB6003D763C /* Assets.xcassets in Resources */,
				32C799881D82DCB6003D763C /* Main.storyboard in Resources */,
			);
			runOnlyForDeploymentPostprocessing = 0;
		};
/* End PBXResourcesBuildPhase section */

/* Begin PBXSourcesBuildPhase section */
		32C799761D82DCB6003D763C /* Sources */ = {
			isa = PBXSourcesBuildPhase;
			buildActionMask = 2147483647;
			files = (
				32C799851D82DCB6003D763C /* ViewController.m in Sources */,
				32C799821D82DCB6003D763C /* AppDelegate.m in Sources */,
				32C7997F1D82DCB6003D763C /* main.m in Sources */,
			);
			runOnlyForDeploymentPostprocessing = 0;
		};
/* End PBXSourcesBuildPhase section */

/* Begin PBXVariantGroup section */
		32C799861D82DCB6003D763C /* Main.storyboard */ = {
			isa = PBXVariantGroup;
			children = (
				32C799871D82DCB6003D763C /* Base */,
			);
			name = Main.storyboard;
			sourceTree = "<group>";
		};
		32C7998B1D82DCB6003D763C /* LaunchScreen.storyboard */ = {
			isa = PBXVariantGroup;
			children = (
				32C7998C1D82DCB6003D763C /* Base */,
			);
			name = LaunchScreen.storyboard;
			sourceTree = "<group>";
		};
/* End PBXVariantGroup section */

/* Begin XCBuildConfiguration section */
		32C7998F1D82DCB6003D763C /* Debug */ = {
			isa = XCBuildConfiguration;
			buildSettings = {
				ALWAYS_SEARCH_USER_PATHS = NO;
				CLANG_CXX_LANGUAGE_STANDARD = "gnu++0x";
				CLANG_CXX_LIBRARY = "libc++";
				CLANG_ENABLE_MODULES = YES;
				CLANG_ENABLE_OBJC_ARC = YES;
				CLANG_WARN_BOOL_CONVERSION = YES;
				CLANG_WARN_CONSTANT_CONVERSION = YES;
				CLANG_WARN_DIRECT_OBJC_ISA_USAGE = YES_ERROR;
				CLANG_WARN_EMPTY_BODY = YES;
				CLANG_WARN_ENUM_CONVERSION = YES;
				CLANG_WARN_INT_CONVERSION = YES;
				CLANG_WARN_OBJC_ROOT_CLASS = YES_ERROR;
				CLANG_WARN_UNREACHABLE_CODE = YES;
				CLANG_WARN__DUPLICATE_METHOD_MATCH = YES;
				"CODE_SIGN_IDENTITY[sdk=iphoneos*]" = "iPhone Developer";
				COPY_PHASE_STRIP = NO;
				DEBUG_INFORMATION_FORMAT = dwarf;
				ENABLE_STRICT_OBJC_MSGSEND = YES;
				ENABLE_TESTABILITY = YES;
				GCC_C_LANGUAGE_STANDARD = gnu99;
				GCC_DYNAMIC_NO_PIC = NO;
				GCC_NO_COMMON_BLOCKS = YES;
				GCC_OPTIMIZATION_LEVEL = 0;
				GCC_PREPROCESSOR_DEFINITIONS = (
					"DEBUG=1",
					"$(inherited)",
				);
				GCC_WARN_64_TO_32_BIT_CONVERSION = YES;
				GCC_WARN_ABOUT_RETURN_TYPE = YES_ERROR;
				GCC_WARN_UNDECLARED_SELECTOR = YES;
				GCC_WARN_UNINITIALIZED_AUTOS = YES_AGGRESSIVE;
				GCC_WARN_UNUSED_FUNCTION = YES;
				GCC_WARN_UNUSED_VARIABLE = YES;
				IPHONEOS_DEPLOYMENT_TARGET = 9.0;
				MTL_ENABLE_DEBUG_INFO = YES;
				ONLY_ACTIVE_ARCH = YES;
				SDKROOT = iphoneos;
			};
			name = Debug;
		};
		32C799901D82DCB6003D763C /* Release */ = {
			isa = XCBuildConfiguration;
			buildSettings = {
				ALWAYS_SEARCH_USER_PATHS = NO;
				CLANG_CXX_LANGUAGE_STANDARD = "gnu++0x";
				CLANG_CXX_LIBRARY = "libc++";
				CLANG_ENABLE_MODULES = YES;
				CLANG_ENABLE_OBJC_ARC = YES;
				CLANG_WARN_BOOL_CONVERSION = YES;
				CLANG_WARN_CONSTANT_CONVERSION = YES;
				CLANG_WARN_DIRECT_OBJC_ISA_USAGE = YES_ERROR;
				CLANG_WARN_EMPTY_BODY = YES;
				CLANG_WARN_ENUM_CONVERSION = YES;
				CLANG_WARN_INT_CONVERSION = YES;
				CLANG_WARN_OBJC_ROOT_CLASS = YES_ERROR;
				CLANG_WARN_UNREACHABLE_CODE = YES;
				CLANG_WARN__DUPLICATE_METHOD_MATCH = YES;
				"CODE_SIGN_IDENTITY[sdk=iphoneos*]" = "iPhone Developer";
				COPY_PHASE_STRIP = NO;
				DEBUG_INFORMATION_FORMAT = "dwarf-with-dsym";
				ENABLE_NS_ASSERTIONS = NO;
				ENABLE_STRICT_OBJC_MSGSEND = YES;
				GCC_C_LANGUAGE_STANDARD = gnu99;
				GCC_NO_COMMON_BLOCKS = YES;
				GCC_WARN_64_TO_32_BIT_CONVERSION = YES;
				GCC_WARN_ABOUT_RETURN_TYPE = YES_ERROR;
				GCC_WARN_UNDECLARED_SELECTOR = YES;
				GCC_WARN_UNINITIALIZED_AUTOS = YES_AGGRESSIVE;
				GCC_WARN_UNUSED_FUNCTION = YES;
				GCC_WARN_UNUSED_VARIABLE = YES;
				IPHONEOS_DEPLOYMENT_TARGET = 9.0;
				MTL_ENABLE_DEBUG_INFO = NO;
				SDKROOT = iphoneos;
				VALIDATE_PRODUCT = YES;
			};
			name = Release;
		};
		32C799921D82DCB6003D763C /* Debug */ = {
			isa = XCBuildConfiguration;
			buildSettings = {
				ASSETCATALOG_COMPILER_APPICON_NAME = AppIcon;
				INFOPLIST_FILE = "新闻/Info.plist";
				LD_RUNPATH_SEARCH_PATHS = "$(inherited) @executable_path/Frameworks";
				PRODUCT_BUNDLE_IDENTIFIER = "com.iteam.ios.--";
				PRODUCT_NAME = "$(TARGET_NAME)";
			};
			name = Debug;
		};
		32C799931D82DCB6003D763C /* Release */ = {
			isa = XCBuildConfiguration;
			buildSettings = {
				ASSETCATALOG_COMPILER_APPICON_NAME = AppIcon;
				INFOPLIST_FILE = "新闻/Info.plist";
				LD_RUNPATH_SEARCH_PATHS = "$(inherited) @executable_path/Frameworks";
				PRODUCT_BUNDLE_IDENTIFIER = "com.iteam.ios.--";
				PRODUCT_NAME = "$(TARGET_NAME)";
			};
			name = Release;
		};
/* End XCBuildConfiguration section */

/* Begin XCConfigurationList section */
		32C799751D82DCB6003D763C /* Build configuration list for PBXProject "新闻" */ = {
			isa = XCConfigurationList;
			buildConfigurations = (
				32C7998F1D82DCB6003D763C /* Debug */,
				32C799901D82DCB6003D763C /* Release */,
			);
			defaultConfigurationIsVisible = 0;
			defaultConfigurationName = Release;
		};
		32C799911D82DCB6003D763C /* Build configuration list for PBXNativeTarget "新闻" */ = {
			isa = XCConfigurationList;
			buildConfigurations = (
				32C799921D82DCB6003D763C /* Debug */,
				32C799931D82DCB6003D763C /* Release */,
			);
			defaultConfigurationIsVisible = 0;
		};
/* End XCConfigurationList section */
	};
	rootObject = 32C799721D82DCB6003D763C /* Project object */;
}
